
Microsoft Visual Studio Solution File, Format Version 12.00
# Visual Studio Version 16
VisualStudioVersion = 16.0.32407.337
MinimumVisualStudioVersion = 10.0.40219.1
Project("{FAE04EC0-301F-11D3-BF4B-00C04F79EFBC}") = "Teeko", "Teeko.csproj", "{3ACB330B-7985-4A83-8AEC-7E67B9E40C5D}"
EndProject
Global
	GlobalSection(SolutionConfigurationPlatforms) = preSolution
		Debug|Any CPU = Debug|Any CPU
		Release|Any CPU = Release|Any CPU
	EndGlobalSection
	GlobalSection(ProjectConfigurationPlatforms) = postSolution
		{3ACB330B-7985-4A83-8AEC-7E67B9E40C5D}.Debug|Any CPU.ActiveCfg = Debug|Any CPU
		{3ACB330B-7985-4A83-8AEC-7E67B9E40C5D}.Debug|Any CPU.Build.0 = Debug|Any CPU
		{3ACB330B-7985-4A83-8AEC-7E67B9E40C5D}.Release|Any CPU.ActiveCfg = Release|Any CPU
		{3ACB330B-7985-4A83-8AEC-7E67B9E40C5D}.Release|Any CPU.Build.0 = Release|Any CPU
	EndGlobalSection
	GlobalSection(SolutionProperties) = preSolution
		HideSolutionNode = FALSE
	EndGlobalSection
	GlobalSection(ExtensibilityGlobals) = postSolution
		SolutionGuid = {6DBB24C0-EFC7-4694-A66F-D7808A910DCF}
	EndGlobalSection
EndGlobal
